
Microsoft Visual Studio Solution File, Format Version 12.00
# Visual Studio Version 17
VisualStudioVersion = 17.6.33815.320
MinimumVisualStudioVersion = 10.0.40219.1
Project("{8BC9CEB8-8B4A-11D0-8D11-00A0C91BC942}") = "Troy", "Troy\Troy.vcxproj", "{155EC09E-9EE2-49F9-AEB2-B7022B37083E}"
	ProjectSection(ProjectDependencies) = postProject
		{E106ACD7-4E53-4AEE-942B-D0DD426DB34E} = {E106ACD7-4E53-4AEE-942B-D0DD426DB34E}
	EndProjectSection
EndProject
Project("{8BC9CEB8-8B4A-11D0-8D11-00A0C91BC942}") = "DuiLib", "duilib\DuiLib.vcxproj", "{E106ACD7-4E53-4AEE-942B-D0DD426DB34E}"
EndProject
Project("{8BC9CEB8-8B4A-11D0-8D11-00A0C91BC942}") = "DllInjecter", "DllInjecter\DllInjecter.vcxproj", "{72390287-9468-4F47-AEF3-85EE7A221911}"
EndProject
Project("{8BC9CEB8-8B4A-11D0-8D11-00A0C91BC942}") = "Test", "Test\Test.vcxproj", "{332C321B-09FB-4726-99A6-FD0C94CD40B3}"
EndProject
Global
	GlobalSection(SolutionConfigurationPlatforms) = preSolution
		Debug|x86 = Debug|x86
		DebugStatic|x86 = DebugStatic|x86
		Release|x86 = Release|x86
		ReleaseStatic|x86 = ReleaseStatic|x86
		UnicodeDebug|x86 = UnicodeDebug|x86
		UnicodeRelease|x86 = UnicodeRelease|x86
	EndGlobalSection
	GlobalSection(ProjectConfigurationPlatforms) = postSolution
		{155EC09E-9EE2-49F9-AEB2-B7022B37083E}.Debug|x86.ActiveCfg = Debug|Win32
		{155EC09E-9EE2-49F9-AEB2-B7022B37083E}.Debug|x86.Build.0 = Debug|Win32
		{155EC09E-9EE2-49F9-AEB2-B7022B37083E}.DebugStatic|x86.ActiveCfg = Debug|Win32
		{155EC09E-9EE2-49F9-AEB2-B7022B37083E}.DebugStatic|x86.Build.0 = Debug|Win32
		{155EC09E-9EE2-49F9-AEB2-B7022B37083E}.Release|x86.ActiveCfg = Release|Win32
		{155EC09E-9EE2-49F9-AEB2-B7022B37083E}.Release|x86.Build.0 = Release|Win32
		{155EC09E-9EE2-49F9-AEB2-B7022B37083E}.ReleaseStatic|x86.ActiveCfg = Release|Win32
		{155EC09E-9EE2-49F9-AEB2-B7022B37083E}.ReleaseStatic|x86.Build.0 = Release|Win32
		{155EC09E-9EE2-49F9-AEB2-B7022B37083E}.UnicodeDebug|x86.ActiveCfg = Debug|Win32
		{155EC09E-9EE2-49F9-AEB2-B7022B37083E}.UnicodeDebug|x86.Build.0 = Debug|Win32
		{155EC09E-9EE2-49F9-AEB2-B7022B37083E}.UnicodeRelease|x86.ActiveCfg = Release|Win32
		{155EC09E-9EE2-49F9-AEB2-B7022B37083E}.UnicodeRelease|x86.Build.0 = Release|Win32
		{E106ACD7-4E53-4AEE-942B-D0DD426DB34E}.Debug|x86.ActiveCfg = Debug|Win32
		{E106ACD7-4E53-4AEE-942B-D0DD426DB34E}.Debug|x86.Build.0 = Debug|Win32
		{E106ACD7-4E53-4AEE-942B-D0DD426DB34E}.DebugStatic|x86.ActiveCfg = DebugStatic|Win32
		{E106ACD7-4E53-4AEE-942B-D0DD426DB34E}.DebugStatic|x86.Build.0 = DebugStatic|Win32
		{E106ACD7-4E53-4AEE-942B-D0DD426DB34E}.Release|x86.ActiveCfg = Release|Win32
		{E106ACD7-4E53-4AEE-942B-D0DD426DB34E}.Release|x86.Build.0 = Release|Win32
		{E106ACD7-4E53-4AEE-942B-D0DD426DB34E}.ReleaseStatic|x86.ActiveCfg = ReleaseStatic|Win32
		{E106ACD7-4E53-4AEE-942B-D0DD426DB34E}.ReleaseStatic|x86.Build.0 = ReleaseStatic|Win32
		{E106ACD7-4E53-4AEE-942B-D0DD426DB34E}.UnicodeDebug|x86.ActiveCfg = UnicodeDebug|Win32
		{E106ACD7-4E53-4AEE-942B-D0DD426DB34E}.UnicodeDebug|x86.Build.0 = UnicodeDebug|Win32
		{E106ACD7-4E53-4AEE-942B-D0DD426DB34E}.UnicodeRelease|x86.ActiveCfg = UnicodeRelease|Win32
		{E106ACD7-4E53-4AEE-942B-D0DD426DB34E}.UnicodeRelease|x86.Build.0 = UnicodeRelease|Win32
		{72390287-9468-4F47-AEF3-85EE7A221911}.Debug|x86.ActiveCfg = Debug|Win32
		{72390287-9468-4F47-AEF3-85EE7A221911}.Debug|x86.Build.0 = Debug|Win32
		{72390287-9468-4F47-AEF3-85EE7A221911}.DebugStatic|x86.ActiveCfg = Debug|Win32
		{72390287-9468-4F47-AEF3-85EE7A221911}.DebugStatic|x86.Build.0 = Debug|Win32
		{72390287-9468-4F47-AEF3-85EE7A221911}.Release|x86.ActiveCfg = Release|Win32
		{72390287-9468-4F47-AEF3-85EE7A221911}.Release|x86.Build.0 = Release|Win32
		{72390287-9468-4F47-AEF3-85EE7A221911}.ReleaseStatic|x86.ActiveCfg = Release|Win32
		{72390287-9468-4F47-AEF3-85EE7A221911}.ReleaseStatic|x86.Build.0 = Release|Win32
		{72390287-9468-4F47-AEF3-85EE7A221911}.UnicodeDebug|x86.ActiveCfg = Debug|Win32
		{72390287-9468-4F47-AEF3-85EE7A221911}.UnicodeDebug|x86.Build.0 = Debug|Win32
		{72390287-9468-4F47-AEF3-85EE7A221911}.UnicodeRelease|x86.ActiveCfg = Release|Win32
		{72390287-9468-4F47-AEF3-85EE7A221911}.UnicodeRelease|x86.Build.0 = Release|Win32
		{332C321B-09FB-4726-99A6-FD0C94CD40B3}.Debug|x86.ActiveCfg = Debug|Win32
		{332C321B-09FB-4726-99A6-FD0C94CD40B3}.Debug|x86.Build.0 = Debug|Win32
		{332C321B-09FB-4726-99A6-FD0C94CD40B3}.DebugStatic|x86.ActiveCfg = Debug|Win32
		{332C321B-09FB-4726-99A6-FD0C94CD40B3}.DebugStatic|x86.Build.0 = Debug|Win32
		{332C321B-09FB-4726-99A6-FD0C94CD40B3}.Release|x86.ActiveCfg = Release|Win32
		{332C321B-09FB-4726-99A6-FD0C94CD40B3}.Release|x86.Build.0 = Release|Win32
		{332C321B-09FB-4726-99A6-FD0C94CD40B3}.ReleaseStatic|x86.ActiveCfg = Release|Win32
		{332C321B-09FB-4726-99A6-FD0C94CD40B3}.ReleaseStatic|x86.Build.0 = Release|Win32
		{332C321B-09FB-4726-99A6-FD0C94CD40B3}.UnicodeDebug|x86.ActiveCfg = Debug|Win32
		{332C321B-09FB-4726-99A6-FD0C94CD40B3}.UnicodeDebug|x86.Build.0 = Debug|Win32
		{332C321B-09FB-4726-99A6-FD0C94CD40B3}.UnicodeRelease|x86.ActiveCfg = Release|Win32
		{332C321B-09FB-4726-99A6-FD0C94CD40B3}.UnicodeRelease|x86.Build.0 = Release|Win32
	EndGlobalSection
	GlobalSection(SolutionProperties) = preSolution
		HideSolutionNode = FALSE
	EndGlobalSection
	GlobalSection(ExtensibilityGlobals) = postSolution
		SolutionGuid = {2CE60485-577A-4065-AA05-FEB5E6903DED}
	EndGlobalSection
EndGlobal
